// !$*UTF8*$!
{
	archiveVersion = 1;
	classes = {
	};
	objectVersion = 46;
	objects = {

/* Begin PBXBuildFile section */
		224CAAB91B7AD1C2000D7E2F /* Graphic.cpp in Sources */ = {isa = PBXBuildFile; fileRef = 224CAAB81B7AD1C2000D7E2F /* Graphic.cpp */; };
		2284ED081B79A5FF00704BB6 /* main.cpp in Sources */ = {isa = PBXBuildFile; fileRef = 2284ED071B79A5FF00704BB6 /* main.cpp */; };
		2284ED201B79AADB00704BB6 /* libopencv_calib3d.3.0.0.dylib in Frameworks */ = {isa = PBXBuildFile; fileRef = 2284ED101B79AADB00704BB6 /* libopencv_calib3d.3.0.0.dylib */; };
		2284ED211B79AADB00704BB6 /* libopencv_core.3.0.0.dylib in Frameworks */ = {isa = PBXBuildFile; fileRef = 2284ED111B79AADB00704BB6 /* libopencv_core.3.0.0.dylib */; };
		2284ED221B79AADB00704BB6 /* libopencv_features2d.3.0.0.dylib in Frameworks */ = {isa = PBXBuildFile; fileRef = 2284ED121B79AADB00704BB6 /* libopencv_features2d.3.0.0.dylib */; };
		2284ED231B79AADB00704BB6 /* libopencv_flann.3.0.0.dylib in Frameworks */ = {isa = PBXBuildFile; fileRef = 2284ED131B79AADB00704BB6 /* libopencv_flann.3.0.0.dylib */; };
		2284ED241B79AADB00704BB6 /* libopencv_highgui.3.0.0.dylib in Frameworks */ = {isa = PBXBuildFile; fileRef = 2284ED141B79AADB00704BB6 /* libopencv_highgui.3.0.0.dylib */; };
		2284ED251B79AADB00704BB6 /* libopencv_imgcodecs.3.0.0.dylib in Frameworks */ = {isa = PBXBuildFile; fileRef = 2284ED151B79AADB00704BB6 /* libopencv_imgcodecs.3.0.0.dylib */; };
		2284ED261B79AADB00704BB6 /* libopencv_imgproc.3.0.0.dylib in Frameworks */ = {isa = PBXBuildFile; fileRef = 2284ED161B79AADB00704BB6 /* libopencv_imgproc.3.0.0.dylib */; };
		2284ED271B79AADB00704BB6 /* libopencv_ml.3.0.0.dylib in Frameworks */ = {isa = PBXBuildFile; fileRef = 2284ED171B79AADB00704BB6 /* libopencv_ml.3.0.0.dylib */; };
		2284ED281B79AADB00704BB6 /* libopencv_objdetect.3.0.0.dylib in Frameworks */ = {isa = PBXBuildFile; fileRef = 2284ED181B79AADB00704BB6 /* libopencv_objdetect.3.0.0.dylib */; };
		2284ED291B79AADB00704BB6 /* libopencv_photo.3.0.0.dylib in Frameworks */ = {isa = PBXBuildFile; fileRef = 2284ED191B79AADB00704BB6 /* libopencv_photo.3.0.0.dylib */; };
		2284ED2A1B79AADB00704BB6 /* libopencv_shape.3.0.0.dylib in Frameworks */ = {isa = PBXBuildFile; fileRef = 2284ED1A1B79AADB00704BB6 /* libopencv_shape.3.0.0.dylib */; };
		2284ED2B1B79AADB00704BB6 /* libopencv_stitching.3.0.0.dylib in Frameworks */ = {isa = PBXBuildFile; fileRef = 2284ED1B1B79AADB00704BB6 /* libopencv_stitching.3.0.0.dylib */; };
		2284ED2C1B79AADB00704BB6 /* libopencv_superres.3.0.0.dylib in Frameworks */ = {isa = PBXBuildFile; fileRef = 2284ED1C1B79AADB00704BB6 /* libopencv_superres.3.0.0.dylib */; };
		2284ED2D1B79AADB00704BB6 /* libopencv_video.3.0.0.dylib in Frameworks */ = {isa = PBXBuildFile; fileRef = 2284ED1D1B79AADB00704BB6 /* libopencv_video.3.0.0.dylib */; };
		2284ED2E1B79AADB00704BB6 /* libopencv_videoio.3.0.0.dylib in Frameworks */ = {isa = PBXBuildFile; fileRef = 2284ED1E1B79AADB00704BB6 /* libopencv_videoio.3.0.0.dylib */; };
		2284ED2F1B79AADB00704BB6 /* libopencv_videostab.3.0.0.dylib in Frameworks */ = {isa = PBXBuildFile; fileRef = 2284ED1F1B79AADB00704BB6 /* libopencv_videostab.3.0.0.dylib */; };
		2284ED311B79C9B000704BB6 /* ImageEdge.cpp in Sources */ = {isa = PBXBuildFile; fileRef = 2284ED301B79C9B000704BB6 /* ImageEdge.cpp */; };
		2284ED351B79CAC500704BB6 /* ImageProcess.cpp in Sources */ = {isa = PBXBuildFile; fileRef = 2284ED331B79CAC500704BB6 /* ImageProcess.cpp */; };
		2284ED371B79DA0300704BB6 /* ImageMor.cpp in Sources */ = {isa = PBXBuildFile; fileRef = 2284ED361B79DA0300704BB6 /* ImageMor.cpp */; };
/* End PBXBuildFile section */

/* Begin PBXCopyFilesBuildPhase section */
		2284ED021B79A5FF00704BB6 /* CopyFiles */ = {
			isa = PBXCopyFilesBuildPhase;
			buildActionMask = 2147483647;
			dstPath = /usr/share/man/man1/;
			dstSubfolderSpec = 0;
			files = (
			);
			runOnlyForDeploymentPostprocessing = 1;
		};
/* End PBXCopyFilesBuildPhase section */

/* Begin PBXFileReference section */
		224CAAB81B7AD1C2000D7E2F /* Graphic.cpp */ = {isa = PBXFileReference; fileEncoding = 4; lastKnownFileType = sourcecode.cpp.cpp; path = Graphic.cpp; sourceTree = "<group>"; };
		2284ED041B79A5FF00704BB6 /* Kernel */ = {isa = PBXFileReference; explicitFileType = "compiled.mach-o.executable"; includeInIndex = 0; path = Kernel; sourceTree = BUILT_PRODUCTS_DIR; };
		2284ED071B79A5FF00704BB6 /* main.cpp */ = {isa = PBXFileReference; lastKnownFileType = sourcecode.cpp.cpp; path = main.cpp; sourceTree = "<group>"; };
		2284ED101B79AADB00704BB6 /* libopencv_calib3d.3.0.0.dylib */ = {isa = PBXFileReference; lastKnownFileType = "compiled.mach-o.dylib"; name = libopencv_calib3d.3.0.0.dylib; path = ../../../../../../../usr/local/lib/libopencv_calib3d.3.0.0.dylib; sourceTree = "<group>"; };
		2284ED111B79AADB00704BB6 /* libopencv_core.3.0.0.dylib */ = {isa = PBXFileReference; lastKnownFileType = "compiled.mach-o.dylib"; name = libopencv_core.3.0.0.dylib; path = ../../../../../../../usr/local/lib/libopencv_core.3.0.0.dylib; sourceTree = "<group>"; };
		2284ED121B79AADB00704BB6 /* libopencv_features2d.3.0.0.dylib */ = {isa = PBXFileReference; lastKnownFileType = "compiled.mach-o.dylib"; name = libopencv_features2d.3.0.0.dylib; path = ../../../../../../../usr/local/lib/libopencv_features2d.3.0.0.dylib; sourceTree = "<group>"; };
		2284ED131B79AADB00704BB6 /* libopencv_flann.3.0.0.dylib */ = {isa = PBXFileReference; lastKnownFileType = "compiled.mach-o.dylib"; name = libopencv_flann.3.0.0.dylib; path = ../../../../../../../usr/local/lib/libopencv_flann.3.0.0.dylib; sourceTree = "<group>"; };
		2284ED141B79AADB00704BB6 /* libopencv_highgui.3.0.0.dylib */ = {isa = PBXFileReference; lastKnownFileType = "compiled.mach-o.dylib"; name = libopencv_highgui.3.0.0.dylib; path = ../../../../../../../usr/local/lib/libopencv_highgui.3.0.0.dylib; sourceTree = "<group>"; };
		2284ED151B79AADB00704BB6 /* libopencv_imgcodecs.3.0.0.dylib */ = {isa = PBXFileReference; lastKnownFileType = "compiled.mach-o.dylib"; name = libopencv_imgcodecs.3.0.0.dylib; path = ../../../../../../../usr/local/lib/libopencv_imgcodecs.3.0.0.dylib; sourceTree = "<group>"; };
		2284ED161B79AADB00704BB6 /* libopencv_imgproc.3.0.0.dylib */ = {isa = PBXFileReference; lastKnownFileType = "compiled.mach-o.dylib"; name = libopencv_imgproc.3.0.0.dylib; path = ../../../../../../../usr/local/lib/libopencv_imgproc.3.0.0.dylib; sourceTree = "<group>"; };
		2284ED171B79AADB00704BB6 /* libopencv_ml.3.0.0.dylib */ = {isa = PBXFileReference; lastKnownFileType = "compiled.mach-o.dylib"; name = libopencv_ml.3.0.0.dylib; path = ../../../../../../../usr/local/lib/libopencv_ml.3.0.0.dylib; sourceTree = "<group>"; };
		2284ED181B79AADB00704BB6 /* libopencv_objdetect.3.0.0.dylib */ = {isa = PBXFileReference; lastKnownFileType = "compiled.mach-o.dylib"; name = libopencv_objdetect.3.0.0.dylib; path = ../../../../../../../usr/local/lib/libopencv_objdetect.3.0.0.dylib; sourceTree = "<group>"; };
		2284ED191B79AADB00704BB6 /* libopencv_photo.3.0.0.dylib */ = {isa = PBXFileReference; lastKnownFileType = "compiled.mach-o.dylib"; name = libopencv_photo.3.0.0.dylib; path = ../../../../../../../usr/local/lib/libopencv_photo.3.0.0.dylib; sourceTree = "<group>"; };
		2284ED1A1B79AADB00704BB6 /* libopencv_shape.3.0.0.dylib */ = {isa = PBXFileReference; lastKnownFileType = "compiled.mach-o.dylib"; name = libopencv_shape.3.0.0.dylib; path = ../../../../../../../usr/local/lib/libopencv_shape.3.0.0.dylib; sourceTree = "<group>"; };
		2284ED1B1B79AADB00704BB6 /* libopencv_stitching.3.0.0.dylib */ = {isa = PBXFileReference; lastKnownFileType = "compiled.mach-o.dylib"; name = libopencv_stitching.3.0.0.dylib; path = ../../../../../../../usr/local/lib/libopencv_stitching.3.0.0.dylib; sourceTree = "<group>"; };
		2284ED1C1B79AADB00704BB6 /* libopencv_superres.3.0.0.dylib */ = {isa = PBXFileReference; lastKnownFileType = "compiled.mach-o.dylib"; name = libopencv_superres.3.0.0.dylib; path = ../../../../../../../usr/local/lib/libopencv_superres.3.0.0.dylib; sourceTree = "<group>"; };
		2284ED1D1B79AADB00704BB6 /* libopencv_video.3.0.0.dylib */ = {isa = PBXFileReference; lastKnownFileType = "compiled.mach-o.dylib"; name = libopencv_video.3.0.0.dylib; path = ../../../../../../../usr/local/lib/libopencv_video.3.0.0.dylib; sourceTree = "<group>"; };
		2284ED1E1B79AADB00704BB6 /* libopencv_videoio.3.0.0.dylib */ = {isa = PBXFileReference; lastKnownFileType = "compiled.mach-o.dylib"; name = libopencv_videoio.3.0.0.dylib; path = ../../../../../../../usr/local/lib/libopencv_videoio.3.0.0.dylib; sourceTree = "<group>"; };
		2284ED1F1B79AADB00704BB6 /* libopencv_videostab.3.0.0.dylib */ = {isa = PBXFileReference; lastKnownFileType = "compiled.mach-o.dylib"; name = libopencv_videostab.3.0.0.dylib; path = ../../../../../../../usr/local/lib/libopencv_videostab.3.0.0.dylib; sourceTree = "<group>"; };
		2284ED301B79C9B000704BB6 /* ImageEdge.cpp */ = {isa = PBXFileReference; fileEncoding = 4; lastKnownFileType = sourcecode.cpp.cpp; path = ImageEdge.cpp; sourceTree = "<group>"; };
		2284ED321B79C9C700704BB6 /* Image.h */ = {isa = PBXFileReference; lastKnownFileType = sourcecode.c.h; path = Image.h; sourceTree = "<group>"; };
		2284ED331B79CAC500704BB6 /* ImageProcess.cpp */ = {isa = PBXFileReference; fileEncoding = 4; lastKnownFileType = sourcecode.cpp.cpp; path = ImageProcess.cpp; sourceTree = "<group>"; };
		2284ED361B79DA0300704BB6 /* ImageMor.cpp */ = {isa = PBXFileReference; fileEncoding = 4; lastKnownFileType = sourcecode.cpp.cpp; path = ImageMor.cpp; sourceTree = "<group>"; };
/* End PBXFileReference section */

/* Begin PBXFrameworksBuildPhase section */
		2284ED011B79A5FF00704BB6 /* Frameworks */ = {
			isa = PBXFrameworksBuildPhase;
			buildActionMask = 2147483647;
			files = (
				2284ED2F1B79AADB00704BB6 /* libopencv_videostab.3.0.0.dylib in Frameworks */,
				2284ED2D1B79AADB00704BB6 /* libopencv_video.3.0.0.dylib in Frameworks */,
				2284ED2B1B79AADB00704BB6 /* libopencv_stitching.3.0.0.dylib in Frameworks */,
				2284ED221B79AADB00704BB6 /* libopencv_features2d.3.0.0.dylib in Frameworks */,
				2284ED2A1B79AADB00704BB6 /* libopencv_shape.3.0.0.dylib in Frameworks */,
				2284ED271B79AADB00704BB6 /* libopencv_ml.3.0.0.dylib in Frameworks */,
				2284ED2C1B79AADB00704BB6 /* libopencv_superres.3.0.0.dylib in Frameworks */,
				2284ED261B79AADB00704BB6 /* libopencv_imgproc.3.0.0.dylib in Frameworks */,
				2284ED201B79AADB00704BB6 /* libopencv_calib3d.3.0.0.dylib in Frameworks */,
				2284ED281B79AADB00704BB6 /* libopencv_objdetect.3.0.0.dylib in Frameworks */,
				2284ED231B79AADB00704BB6 /* libopencv_flann.3.0.0.dylib in Frameworks */,
				2284ED2E1B79AADB00704BB6 /* libopencv_videoio.3.0.0.dylib in Frameworks */,
				2284ED211B79AADB00704BB6 /* libopencv_core.3.0.0.dylib in Frameworks */,
				2284ED241B79AADB00704BB6 /* libopencv_highgui.3.0.0.dylib in Frameworks */,
				2284ED251B79AADB00704BB6 /* libopencv_imgcodecs.3.0.0.dylib in Frameworks */,
				2284ED291B79AADB00704BB6 /* libopencv_photo.3.0.0.dylib in Frameworks */,
			);
			runOnlyForDeploymentPostprocessing = 0;
		};
/* End PBXFrameworksBuildPhase section */

/* Begin PBXGroup section */
		2284ECFB1B79A5FF00704BB6 = {
			isa = PBXGroup;
			children = (
				2284ED061B79A5FF00704BB6 /* Kernel */,
				2284ED051B79A5FF00704BB6 /* Products */,
			);
			sourceTree = "<group>";
		};
		2284ED051B79A5FF00704BB6 /* Products */ = {
			isa = PBXGroup;
			children = (
				2284ED041B79A5FF00704BB6 /* Kernel */,
			);
			name = Products;
			sourceTree = "<group>";
		};
		2284ED061B79A5FF00704BB6 /* Kernel */ = {
			isa = PBXGroup;
			children = (
				2284ED0F1B79AA2800704BB6 /* opencvlib */,
				2284ED071B79A5FF00704BB6 /* main.cpp */,
				2284ED361B79DA0300704BB6 /* ImageMor.cpp */,
				2284ED301B79C9B000704BB6 /* ImageEdge.cpp */,
				2284ED321B79C9C700704BB6 /* Image.h */,
				2284ED331B79CAC500704BB6 /* ImageProcess.cpp */,
				224CAAB81B7AD1C2000D7E2F /* Graphic.cpp */,
			);
			path = Kernel;
			sourceTree = "<group>";
		};
		2284ED0F1B79AA2800704BB6 /* opencvlib */ = {
			isa = PBXGroup;
			children = (
				2284ED101B79AADB00704BB6 /* libopencv_calib3d.3.0.0.dylib */,
				2284ED111B79AADB00704BB6 /* libopencv_core.3.0.0.dylib */,
				2284ED121B79AADB00704BB6 /* libopencv_features2d.3.0.0.dylib */,
				2284ED131B79AADB00704BB6 /* libopencv_flann.3.0.0.dylib */,
				2284ED141B79AADB00704BB6 /* libopencv_highgui.3.0.0.dylib */,
				2284ED151B79AADB00704BB6 /* libopencv_imgcodecs.3.0.0.dylib */,
				2284ED161B79AADB00704BB6 /* libopencv_imgproc.3.0.0.dylib */,
				2284ED171B79AADB00704BB6 /* libopencv_ml.3.0.0.dylib */,
				2284ED181B79AADB00704BB6 /* libopencv_objdetect.3.0.0.dylib */,
				2284ED191B79AADB00704BB6 /* libopencv_photo.3.0.0.dylib */,
				2284ED1A1B79AADB00704BB6 /* libopencv_shape.3.0.0.dylib */,
				2284ED1B1B79AADB00704BB6 /* libopencv_stitching.3.0.0.dylib */,
				2284ED1C1B79AADB00704BB6 /* libopencv_superres.3.0.0.dylib */,
				2284ED1D1B79AADB00704BB6 /* libopencv_video.3.0.0.dylib */,
				2284ED1E1B79AADB00704BB6 /* libopencv_videoio.3.0.0.dylib */,
				2284ED1F1B79AADB00704BB6 /* libopencv_videostab.3.0.0.dylib */,
			);
			name = opencvlib;
			sourceTree = "<group>";
		};
/* End PBXGroup section */

/* Begin PBXNativeTarget section */
		2284ED031B79A5FF00704BB6 /* Kernel */ = {
			isa = PBXNativeTarget;
			buildConfigurationList = 2284ED0B1B79A5FF00704BB6 /* Build configuration list for PBXNativeTarget "Kernel" */;
			buildPhases = (
				2284ED001B79A5FF00704BB6 /* Sources */,
				2284ED011B79A5FF00704BB6 /* Frameworks */,
				2284ED021B79A5FF00704BB6 /* CopyFiles */,
			);
			buildRules = (
			);
			dependencies = (
			);
			name = Kernel;
			productName = Kernel;
			productReference = 2284ED041B79A5FF00704BB6 /* Kernel */;
			productType = "com.apple.product-type.tool";
		};
/* End PBXNativeTarget section */

/* Begin PBXProject section */
		2284ECFC1B79A5FF00704BB6 /* Project object */ = {
			isa = PBXProject;
			attributes = {
				LastUpgradeCheck = 0640;
				ORGANIZATIONNAME = JiaYonglei;
				TargetAttributes = {
					2284ED031B79A5FF00704BB6 = {
						CreatedOnToolsVersion = 6.4;
					};
				};
			};
			buildConfigurationList = 2284ECFF1B79A5FF00704BB6 /* Build configuration list for PBXProject "Kernel" */;
			compatibilityVersion = "Xcode 3.2";
			developmentRegion = English;
			hasScannedForEncodings = 0;
			knownRegions = (
				en,
			);
			mainGroup = 2284ECFB1B79A5FF00704BB6;
			productRefGroup = 2284ED051B79A5FF00704BB6 /* Products */;
			projectDirPath = "";
			projectRoot = "";
			targets = (
				2284ED031B79A5FF00704BB6 /* Kernel */,
			);
		};
/* End PBXProject section */

/* Begin PBXSourcesBuildPhase section */
		2284ED001B79A5FF00704BB6 /* Sources */ = {
			isa = PBXSourcesBuildPhase;
			buildActionMask = 2147483647;
			files = (
				2284ED311B79C9B000704BB6 /* ImageEdge.cpp in Sources */,
				2284ED351B79CAC500704BB6 /* ImageProcess.cpp in Sources */,
				2284ED371B79DA0300704BB6 /* ImageMor.cpp in Sources */,
				2284ED081B79A5FF00704BB6 /* main.cpp in Sources */,
				224CAAB91B7AD1C2000D7E2F /* Graphic.cpp in Sources */,
			);
			runOnlyForDeploymentPostprocessing = 0;
		};
/* End PBXSourcesBuildPhase section */

/* Begin XCBuildConfiguration section */
		2284ED091B79A5FF00704BB6 /* Debug */ = {
			isa = XCBuildConfiguration;
			buildSettings = {
				ALWAYS_SEARCH_USER_PATHS = NO;
				CLANG_CXX_LANGUAGE_STANDARD = "gnu++0x";
				CLANG_CXX_LIBRARY = "libc++";
				CLANG_ENABLE_MODULES = YES;
				CLANG_ENABLE_OBJC_ARC = YES;
				CLANG_WARN_BOOL_CONVERSION = YES;
				CLANG_WARN_CONSTANT_CONVERSION = YES;
				CLANG_WARN_DIRECT_OBJC_ISA_USAGE = YES_ERROR;
				CLANG_WARN_EMPTY_BODY = YES;
				CLANG_WARN_ENUM_CONVERSION = YES;
				CLANG_WARN_INT_CONVERSION = YES;
				CLANG_WARN_OBJC_ROOT_CLASS = YES_ERROR;
				CLANG_WARN_UNREACHABLE_CODE = YES;
				CLANG_WARN__DUPLICATE_METHOD_MATCH = YES;
				COPY_PHASE_STRIP = NO;
				DEBUG_INFORMATION_FORMAT = dwarf;
				ENABLE_STRICT_OBJC_MSGSEND = YES;
				GCC_C_LANGUAGE_STANDARD = gnu99;
				GCC_DYNAMIC_NO_PIC = NO;
				GCC_NO_COMMON_BLOCKS = YES;
				GCC_OPTIMIZATION_LEVEL = 0;
				GCC_PREPROCESSOR_DEFINITIONS = (
					"DEBUG=1",
					"$(inherited)",
				);
				GCC_SYMBOLS_PRIVATE_EXTERN = NO;
				GCC_WARN_64_TO_32_BIT_CONVERSION = YES;
				GCC_WARN_ABOUT_RETURN_TYPE = YES_ERROR;
				GCC_WARN_UNDECLARED_SELECTOR = YES;
				GCC_WARN_UNINITIALIZED_AUTOS = YES_AGGRESSIVE;
				GCC_WARN_UNUSED_FUNCTION = YES;
				GCC_WARN_UNUSED_VARIABLE = YES;
				MACOSX_DEPLOYMENT_TARGET = 10.10;
				MTL_ENABLE_DEBUG_INFO = YES;
				ONLY_ACTIVE_ARCH = YES;
				SDKROOT = macosx;
			};
			name = Debug;
		};
		2284ED0A1B79A5FF00704BB6 /* Release */ = {
			isa = XCBuildConfiguration;
			buildSettings = {
				ALWAYS_SEARCH_USER_PATHS = NO;
				CLANG_CXX_LANGUAGE_STANDARD = "gnu++0x";
				CLANG_CXX_LIBRARY = "libc++";
				CLANG_ENABLE_MODULES = YES;
				CLANG_ENABLE_OBJC_ARC = YES;
				CLANG_WARN_BOOL_CONVERSION = YES;
				CLANG_WARN_CONSTANT_CONVERSION = YES;
				CLANG_WARN_DIRECT_OBJC_ISA_USAGE = YES_ERROR;
				CLANG_WARN_EMPTY_BODY = YES;
				CLANG_WARN_ENUM_CONVERSION = YES;
				CLANG_WARN_INT_CONVERSION = YES;
				CLANG_WARN_OBJC_ROOT_CLASS = YES_ERROR;
				CLANG_WARN_UNREACHABLE_CODE = YES;
				CLANG_WARN__DUPLICATE_METHOD_MATCH = YES;
				COPY_PHASE_STRIP = NO;
				DEBUG_INFORMATION_FORMAT = "dwarf-with-dsym";
				ENABLE_NS_ASSERTIONS = NO;
				ENABLE_STRICT_OBJC_MSGSEND = YES;
				GCC_C_LANGUAGE_STANDARD = gnu99;
				GCC_NO_COMMON_BLOCKS = YES;
				GCC_WARN_64_TO_32_BIT_CONVERSION = YES;
				GCC_WARN_ABOUT_RETURN_TYPE = YES_ERROR;
				GCC_WARN_UNDECLARED_SELECTOR = YES;
				GCC_WARN_UNINITIALIZED_AUTOS = YES_AGGRESSIVE;
				GCC_WARN_UNUSED_FUNCTION = YES;
				GCC_WARN_UNUSED_VARIABLE = YES;
				MACOSX_DEPLOYMENT_TARGET = 10.10;
				MTL_ENABLE_DEBUG_INFO = NO;
				SDKROOT = macosx;
			};
			name = Release;
		};
		2284ED0C1B79A5FF00704BB6 /* Debug */ = {
			isa = XCBuildConfiguration;
			buildSettings = {
				CLANG_CXX_LANGUAGE_STANDARD = "gnu++0x";
				GCC_VERSION = "";
				HEADER_SEARCH_PATHS = (
					"$(inherited)",
					/Applications/Xcode.app/Contents/Developer/Toolchains/XcodeDefault.xctoolchain/usr/include,
					/usr/local/include,
				);
				LIBRARY_SEARCH_PATHS = /usr/local/lib;
				PRODUCT_NAME = "$(TARGET_NAME)";
			};
			name = Debug;
		};
		2284ED0D1B79A5FF00704BB6 /* Release */ = {
			isa = XCBuildConfiguration;
			buildSettings = {
				CLANG_CXX_LANGUAGE_STANDARD = "gnu++0x";
				GCC_VERSION = "";
				HEADER_SEARCH_PATHS = (
					"$(inherited)",
					/Applications/Xcode.app/Contents/Developer/Toolchains/XcodeDefault.xctoolchain/usr/include,
					/usr/local/include,
				);
				LIBRARY_SEARCH_PATHS = /usr/local/lib;
				PRODUCT_NAME = "$(TARGET_NAME)";
			};
			name = Release;
		};
/* End XCBuildConfiguration section */

/* Begin XCConfigurationList section */
		2284ECFF1B79A5FF00704BB6 /* Build configuration list for PBXProject "Kernel" */ = {
			isa = XCConfigurationList;
			buildConfigurations = (
				2284ED091B79A5FF00704BB6 /* Debug */,
				2284ED0A1B79A5FF00704BB6 /* Release */,
			);
			defaultConfigurationIsVisible = 0;
			defaultConfigurationName = Release;
		};
		2284ED0B1B79A5FF00704BB6 /* Build configuration list for PBXNativeTarget "Kernel" */ = {
			isa = XCConfigurationList;
			buildConfigurations = (
				2284ED0C1B79A5FF00704BB6 /* Debug */,
				2284ED0D1B79A5FF00704BB6 /* Release */,
			);
			defaultConfigurationIsVisible = 0;
			defaultConfigurationName = Release;
		};
/* End XCConfigurationList section */
	};
	rootObject = 2284ECFC1B79A5FF00704BB6 /* Project object */;
}
